
Microsoft Visual Studio Solution File, Format Version 11.00
# Visual Studio 2010
Project("{FAE04EC0-301F-11D3-BF4B-00C04F79EFBC}") = "Assembly-CSharp", "Assembly-CSharp.csproj", "{1C2F7B94-25BA-F3C2-3972-7E0650B3186B}"
EndProject
Project("{FAE04EC0-301F-11D3-BF4B-00C04F79EFBC}") = "Assembly-CSharp-firstpass", "Assembly-CSharp-firstpass.csproj", "{39613E69-7C7B-B0BC-3FDB-A22A1CC11892}"
EndProject
Project("{FAE04EC0-301F-11D3-BF4B-00C04F79EFBC}") = "Whinarn.UnityMeshSimplifier.Runtime", "Whinarn.UnityMeshSimplifier.Runtime.csproj", "{754CEA7D-2B57-7CD0-ED4F-941C19D8696D}"
EndProject
Project("{FAE04EC0-301F-11D3-BF4B-00C04F79EFBC}") = "Assembly-CSharp-Editor-firstpass", "Assembly-CSharp-Editor-firstpass.csproj", "{81170BA8-038E-2294-8E5B-CB617B35A69A}"
EndProject
Project("{FAE04EC0-301F-11D3-BF4B-00C04F79EFBC}") = "Assembly-CSharp-Editor", "Assembly-CSharp-Editor.csproj", "{3F292D94-B271-EBB3-9279-857D2313D31B}"
EndProject
Project("{FAE04EC0-301F-11D3-BF4B-00C04F79EFBC}") = "Whinarn.UnityMeshSimplifier.Editor", "Whinarn.UnityMeshSimplifier.Editor.csproj", "{56678550-BBB0-B1B2-D8F4-346E0BE8C919}"
EndProject
Global
	GlobalSection(SolutionConfigurationPlatforms) = preSolution
		Debug|Any CPU = Debug|Any CPU
		Release|Any CPU = Release|Any CPU
	EndGlobalSection
	GlobalSection(ProjectConfigurationPlatforms) = postSolution
		{1C2F7B94-25BA-F3C2-3972-7E0650B3186B}.Debug|Any CPU.ActiveCfg = Debug|Any CPU
		{1C2F7B94-25BA-F3C2-3972-7E0650B3186B}.Debug|Any CPU.Build.0 = Debug|Any CPU
		{1C2F7B94-25BA-F3C2-3972-7E0650B3186B}.Release|Any CPU.ActiveCfg = Release|Any CPU
		{1C2F7B94-25BA-F3C2-3972-7E0650B3186B}.Release|Any CPU.Build.0 = Release|Any CPU
		{39613E69-7C7B-B0BC-3FDB-A22A1CC11892}.Debug|Any CPU.ActiveCfg = Debug|Any CPU
		{39613E69-7C7B-B0BC-3FDB-A22A1CC11892}.Debug|Any CPU.Build.0 = Debug|Any CPU
		{39613E69-7C7B-B0BC-3FDB-A22A1CC11892}.Release|Any CPU.ActiveCfg = Release|Any CPU
		{39613E69-7C7B-B0BC-3FDB-A22A1CC11892}.Release|Any CPU.Build.0 = Release|Any CPU
		{754CEA7D-2B57-7CD0-ED4F-941C19D8696D}.Debug|Any CPU.ActiveCfg = Debug|Any CPU
		{754CEA7D-2B57-7CD0-ED4F-941C19D8696D}.Debug|Any CPU.Build.0 = Debug|Any CPU
		{754CEA7D-2B57-7CD0-ED4F-941C19D8696D}.Release|Any CPU.ActiveCfg = Release|Any CPU
		{754CEA7D-2B57-7CD0-ED4F-941C19D8696D}.Release|Any CPU.Build.0 = Release|Any CPU
		{81170BA8-038E-2294-8E5B-CB617B35A69A}.Debug|Any CPU.ActiveCfg = Debug|Any CPU
		{81170BA8-038E-2294-8E5B-CB617B35A69A}.Debug|Any CPU.Build.0 = Debug|Any CPU
		{81170BA8-038E-2294-8E5B-CB617B35A69A}.Release|Any CPU.ActiveCfg = Release|Any CPU
		{81170BA8-038E-2294-8E5B-CB617B35A69A}.Release|Any CPU.Build.0 = Release|Any CPU
		{3F292D94-B271-EBB3-9279-857D2313D31B}.Debug|Any CPU.ActiveCfg = Debug|Any CPU
		{3F292D94-B271-EBB3-9279-857D2313D31B}.Debug|Any CPU.Build.0 = Debug|Any CPU
		{3F292D94-B271-EBB3-9279-857D2313D31B}.Release|Any CPU.ActiveCfg = Release|Any CPU
		{3F292D94-B271-EBB3-9279-857D2313D31B}.Release|Any CPU.Build.0 = Release|Any CPU
		{56678550-BBB0-B1B2-D8F4-346E0BE8C919}.Debug|Any CPU.ActiveCfg = Debug|Any CPU
		{56678550-BBB0-B1B2-D8F4-346E0BE8C919}.Debug|Any CPU.Build.0 = Debug|Any CPU
		{56678550-BBB0-B1B2-D8F4-346E0BE8C919}.Release|Any CPU.ActiveCfg = Release|Any CPU
		{56678550-BBB0-B1B2-D8F4-346E0BE8C919}.Release|Any CPU.Build.0 = Release|Any CPU
	EndGlobalSection
	GlobalSection(SolutionProperties) = preSolution
		HideSolutionNode = FALSE
	EndGlobalSection
	GlobalSection(MonoDevelopProperties) = preSolution
		StartupItem = Assembly-CSharp.csproj
	EndGlobalSection
EndGlobal
